// !$*UTF8*$!
{
	archiveVersion = 1;
	classes = {
	};
	objectVersion = 47;
	objects = {

/* Begin PBXBuildFile section */
		9F49EFC01D9B7253008F7536 /* moveQuestions.swift in Sources */ = {isa = PBXBuildFile; fileRef = 9F49EFBF1D9B7253008F7536 /* moveQuestions.swift */; };
		9FDC70871D9CB150001D61B5 /* checkAnswers.swift in Sources */ = {isa = PBXBuildFile; fileRef = 9FDC70861D9CB150001D61B5 /* checkAnswers.swift */; };
		FE4412CB1D90E00200249023 /* LoadQuestions.swift in Sources */ = {isa = PBXBuildFile; fileRef = FE4412CA1D90E00200249023 /* LoadQuestions.swift */; };
		FE7CC6831D8B749300B7E4D4 /* loadButtonImages.swift in Sources */ = {isa = PBXBuildFile; fileRef = FE7CC6821D8B749300B7E4D4 /* loadButtonImages.swift */; };
		FEC9F1FE1D8A2A110010424E /* AppDelegate.swift in Sources */ = {isa = PBXBuildFile; fileRef = FEC9F1FD1D8A2A110010424E /* AppDelegate.swift */; };
		FEC9F2001D8A2A110010424E /* ViewController.swift in Sources */ = {isa = PBXBuildFile; fileRef = FEC9F1FF1D8A2A110010424E /* ViewController.swift */; };
		FEC9F2031D8A2A110010424E /* Main.storyboard in Resources */ = {isa = PBXBuildFile; fileRef = FEC9F2011D8A2A110010424E /* Main.storyboard */; };
		FEC9F2051D8A2A110010424E /* Assets.xcassets in Resources */ = {isa = PBXBuildFile; fileRef = FEC9F2041D8A2A110010424E /* Assets.xcassets */; };
		FEC9F2081D8A2A110010424E /* LaunchScreen.storyboard in Resources */ = {isa = PBXBuildFile; fileRef = FEC9F2061D8A2A110010424E /* LaunchScreen.storyboard */; };
		FEC9F2101D8A2B490010424E /* AllQuestions.swift in Sources */ = {isa = PBXBuildFile; fileRef = FEC9F20F1D8A2B490010424E /* AllQuestions.swift */; };
/* End PBXBuildFile section */

/* Begin PBXFileReference section */
		9F49EFBF1D9B7253008F7536 /* moveQuestions.swift */ = {isa = PBXFileReference; fileEncoding = 4; lastKnownFileType = sourcecode.swift; path = moveQuestions.swift; sourceTree = "<group>"; };
		9FDC70861D9CB150001D61B5 /* checkAnswers.swift */ = {isa = PBXFileReference; fileEncoding = 4; lastKnownFileType = sourcecode.swift; path = checkAnswers.swift; sourceTree = "<group>"; };
		FE4412CA1D90E00200249023 /* LoadQuestions.swift */ = {isa = PBXFileReference; fileEncoding = 4; lastKnownFileType = sourcecode.swift; path = LoadQuestions.swift; sourceTree = "<group>"; };
		FE7CC6821D8B749300B7E4D4 /* loadButtonImages.swift */ = {isa = PBXFileReference; fileEncoding = 4; lastKnownFileType = sourcecode.swift; name = loadButtonImages.swift; path = ../loadButtonImages.swift; sourceTree = "<group>"; };
		FEC9F1FA1D8A2A110010424E /* Bout Time.app */ = {isa = PBXFileReference; explicitFileType = wrapper.application; includeInIndex = 0; path = "Bout Time.app"; sourceTree = BUILT_PRODUCTS_DIR; };
		FEC9F1FD1D8A2A110010424E /* AppDelegate.swift */ = {isa = PBXFileReference; lastKnownFileType = sourcecode.swift; path = AppDelegate.swift; sourceTree = "<group>"; };
		FEC9F1FF1D8A2A110010424E /* ViewController.swift */ = {isa = PBXFileReference; lastKnownFileType = sourcecode.swift; path = ViewController.swift; sourceTree = "<group>"; };
		FEC9F2021D8A2A110010424E /* Base */ = {isa = PBXFileReference; lastKnownFileType = file.storyboard; name = Base; path = Base.lproj/Main.storyboard; sourceTree = "<group>"; };
		FEC9F2041D8A2A110010424E /* Assets.xcassets */ = {isa = PBXFileReference; lastKnownFileType = folder.assetcatalog; path = Assets.xcassets; sourceTree = "<group>"; };
		FEC9F2071D8A2A110010424E /* Base */ = {isa = PBXFileReference; lastKnownFileType = file.storyboard; name = Base; path = Base.lproj/LaunchScreen.storyboard; sourceTree = "<group>"; };
		FEC9F2091D8A2A110010424E /* Info.plist */ = {isa = PBXFileReference; lastKnownFileType = text.plist.xml; path = Info.plist; sourceTree = "<group>"; };
		FEC9F20F1D8A2B490010424E /* AllQuestions.swift */ = {isa = PBXFileReference; fileEncoding = 4; lastKnownFileType = sourcecode.swift; path = AllQuestions.swift; sourceTree = "<group>"; };
/* End PBXFileReference section */

/* Begin PBXFrameworksBuildPhase section */
		FEC9F1F71D8A2A110010424E /* Frameworks */ = {
			isa = PBXFrameworksBuildPhase;
			buildActionMask = 2147483647;
			files = (
			);
			runOnlyForDeploymentPostprocessing = 0;
		};
/* End PBXFrameworksBuildPhase section */

/* Begin PBXGroup section */
		FEC9F1F11D8A2A110010424E = {
			isa = PBXGroup;
			children = (
				FEC9F1FC1D8A2A110010424E /* TreehouseProjectThree */,
				FEC9F1FB1D8A2A110010424E /* Products */,
			);
			sourceTree = "<group>";
		};
		FEC9F1FB1D8A2A110010424E /* Products */ = {
			isa = PBXGroup;
			children = (
				FEC9F1FA1D8A2A110010424E /* Bout Time.app */,
			);
			name = Products;
			sourceTree = "<group>";
		};
		FEC9F1FC1D8A2A110010424E /* TreehouseProjectThree */ = {
			isa = PBXGroup;
			children = (
				FEC9F1FD1D8A2A110010424E /* AppDelegate.swift */,
				FEC9F1FF1D8A2A110010424E /* ViewController.swift */,
				FEC9F2011D8A2A110010424E /* Main.storyboard */,
				FE7CC6821D8B749300B7E4D4 /* loadButtonImages.swift */,
				FEC9F20F1D8A2B490010424E /* AllQuestions.swift */,
				FE4412CA1D90E00200249023 /* LoadQuestions.swift */,
				9F49EFBF1D9B7253008F7536 /* moveQuestions.swift */,
				9FDC70861D9CB150001D61B5 /* checkAnswers.swift */,
				FEC9F2041D8A2A110010424E /* Assets.xcassets */,
				FEC9F2061D8A2A110010424E /* LaunchScreen.storyboard */,
				FEC9F2091D8A2A110010424E /* Info.plist */,
			);
			path = TreehouseProjectThree;
			sourceTree = "<group>";
		};
/* End PBXGroup section */

/* Begin PBXNativeTarget section */
		FEC9F1F91D8A2A110010424E /* Bout Time */ = {
			isa = PBXNativeTarget;
			buildConfigurationList = FEC9F20C1D8A2A110010424E /* Build configuration list for PBXNativeTarget "Bout Time" */;
			buildPhases = (
				FEC9F1F61D8A2A110010424E /* Sources */,
				FEC9F1F71D8A2A110010424E /* Frameworks */,
				FEC9F1F81D8A2A110010424E /* Resources */,
			);
			buildRules = (
			);
			dependencies = (
			);
			name = "Bout Time";
			productName = TreehouseProjectThree;
			productReference = FEC9F1FA1D8A2A110010424E /* Bout Time.app */;
			productType = "com.apple.product-type.application";
		};
/* End PBXNativeTarget section */

/* Begin PBXProject section */
		FEC9F1F21D8A2A110010424E /* Project object */ = {
			isa = PBXProject;
			attributes = {
				LastSwiftUpdateCheck = 0800;
				LastUpgradeCheck = 0800;
				ORGANIZATIONNAME = "Danilo E Chaves";
				TargetAttributes = {
					FEC9F1F91D8A2A110010424E = {
						CreatedOnToolsVersion = 8.0;
						DevelopmentTeam = M9ZL7MWCMH;
						LastSwiftMigration = 0800;
						ProvisioningStyle = Automatic;
					};
				};
			};
			buildConfigurationList = FEC9F1F51D8A2A110010424E /* Build configuration list for PBXProject "Bout Time" */;
			compatibilityVersion = "Xcode 6.3";
			developmentRegion = English;
			hasScannedForEncodings = 0;
			knownRegions = (
				en,
				Base,
			);
			mainGroup = FEC9F1F11D8A2A110010424E;
			productRefGroup = FEC9F1FB1D8A2A110010424E /* Products */;
			projectDirPath = "";
			projectRoot = "";
			targets = (
				FEC9F1F91D8A2A110010424E /* Bout Time */,
			);
		};
/* End PBXProject section */

/* Begin PBXResourcesBuildPhase section */
		FEC9F1F81D8A2A110010424E /* Resources */ = {
			isa = PBXResourcesBuildPhase;
			buildActionMask = 2147483647;
			files = (
				FEC9F2081D8A2A110010424E /* LaunchScreen.storyboard in Resources */,
				FEC9F2051D8A2A110010424E /* Assets.xcassets in Resources */,
				FEC9F2031D8A2A110010424E /* Main.storyboard in Resources */,
			);
			runOnlyForDeploymentPostprocessing = 0;
		};
/* End PBXResourcesBuildPhase section */

/* Begin PBXSourcesBuildPhase section */
		FEC9F1F61D8A2A110010424E /* Sources */ = {
			isa = PBXSourcesBuildPhase;
			buildActionMask = 2147483647;
			files = (
				FEC9F2001D8A2A110010424E /* ViewController.swift in Sources */,
				9FDC70871D9CB150001D61B5 /* checkAnswers.swift in Sources */,
				FEC9F2101D8A2B490010424E /* AllQuestions.swift in Sources */,
				FE4412CB1D90E00200249023 /* LoadQuestions.swift in Sources */,
				FEC9F1FE1D8A2A110010424E /* AppDelegate.swift in Sources */,
				FE7CC6831D8B749300B7E4D4 /* loadButtonImages.swift in Sources */,
				9F49EFC01D9B7253008F7536 /* moveQuestions.swift in Sources */,
			);
			runOnlyForDeploymentPostprocessing = 0;
		};
/* End PBXSourcesBuildPhase section */

/* Begin PBXVariantGroup section */
		FEC9F2011D8A2A110010424E /* Main.storyboard */ = {
			isa = PBXVariantGroup;
			children = (
				FEC9F2021D8A2A110010424E /* Base */,
			);
			name = Main.storyboard;
			sourceTree = "<group>";
		};
		FEC9F2061D8A2A110010424E /* LaunchScreen.storyboard */ = {
			isa = PBXVariantGroup;
			children = (
				FEC9F2071D8A2A110010424E /* Base */,
			);
			name = LaunchScreen.storyboard;
			sourceTree = "<group>";
		};
/* End PBXVariantGroup section */

/* Begin XCBuildConfiguration section */
		FEC9F20A1D8A2A110010424E /* Debug */ = {
			isa = XCBuildConfiguration;
			buildSettings = {
				ALWAYS_SEARCH_USER_PATHS = NO;
				CLANG_ANALYZER_NONNULL = YES;
				CLANG_CXX_LANGUAGE_STANDARD = "gnu++0x";
				CLANG_CXX_LIBRARY = "libc++";
				CLANG_ENABLE_MODULES = YES;
				CLANG_ENABLE_OBJC_ARC = YES;
				CLANG_WARN_BOOL_CONVERSION = YES;
				CLANG_WARN_CONSTANT_CONVERSION = YES;
				CLANG_WARN_DIRECT_OBJC_ISA_USAGE = YES_ERROR;
				CLANG_WARN_DOCUMENTATION_COMMENTS = YES;
				CLANG_WARN_EMPTY_BODY = YES;
				CLANG_WARN_ENUM_CONVERSION = YES;
				CLANG_WARN_INFINITE_RECURSION = YES;
				CLANG_WARN_INT_CONVERSION = YES;
				CLANG_WARN_OBJC_ROOT_CLASS = YES_ERROR;
				CLANG_WARN_SUSPICIOUS_MOVES = YES;
				CLANG_WARN_UNREACHABLE_CODE = YES;
				CLANG_WARN__DUPLICATE_METHOD_MATCH = YES;
				"CODE_SIGN_IDENTITY[sdk=iphoneos*]" = "iPhone Developer";
				COPY_PHASE_STRIP = NO;
				DEBUG_INFORMATION_FORMAT = dwarf;
				ENABLE_STRICT_OBJC_MSGSEND = YES;
				ENABLE_TESTABILITY = YES;
				GCC_C_LANGUAGE_STANDARD = gnu99;
				GCC_DYNAMIC_NO_PIC = NO;
				GCC_NO_COMMON_BLOCKS = YES;
				GCC_OPTIMIZATION_LEVEL = 0;
				GCC_PREPROCESSOR_DEFINITIONS = (
					"DEBUG=1",
					"$(inherited)",
				);
				GCC_WARN_64_TO_32_BIT_CONVERSION = YES;
				GCC_WARN_ABOUT_RETURN_TYPE = YES_ERROR;
				GCC_WARN_UNDECLARED_SELECTOR = YES;
				GCC_WARN_UNINITIALIZED_AUTOS = YES_AGGRESSIVE;
				GCC_WARN_UNUSED_FUNCTION = YES;
				GCC_WARN_UNUSED_VARIABLE = YES;
				IPHONEOS_DEPLOYMENT_TARGET = 10.0;
				MTL_ENABLE_DEBUG_INFO = YES;
				ONLY_ACTIVE_ARCH = YES;
				SDKROOT = iphoneos;
				SWIFT_ACTIVE_COMPILATION_CONDITIONS = DEBUG;
				SWIFT_OPTIMIZATION_LEVEL = "-Onone";
			};
			name = Debug;
		};
		FEC9F20B1D8A2A110010424E /* Release */ = {
			isa = XCBuildConfiguration;
			buildSettings = {
				ALWAYS_SEARCH_USER_PATHS = NO;
				CLANG_ANALYZER_NONNULL = YES;
				CLANG_CXX_LANGUAGE_STANDARD = "gnu++0x";
				CLANG_CXX_LIBRARY = "libc++";
				CLANG_ENABLE_MODULES = YES;
				CLANG_ENABLE_OBJC_ARC = YES;
				CLANG_WARN_BOOL_CONVERSION = YES;
				CLANG_WARN_CONSTANT_CONVERSION = YES;
				CLANG_WARN_DIRECT_OBJC_ISA_USAGE = YES_ERROR;
				CLANG_WARN_DOCUMENTATION_COMMENTS = YES;
				CLANG_WARN_EMPTY_BODY = YES;
				CLANG_WARN_ENUM_CONVERSION = YES;
				CLANG_WARN_INFINITE_RECURSION = YES;
				CLANG_WARN_INT_CONVERSION = YES;
				CLANG_WARN_OBJC_ROOT_CLASS = YES_ERROR;
				CLANG_WARN_SUSPICIOUS_MOVES = YES;
				CLANG_WARN_UNREACHABLE_CODE = YES;
				CLANG_WARN__DUPLICATE_METHOD_MATCH = YES;
				"CODE_SIGN_IDENTITY[sdk=iphoneos*]" = "iPhone Developer";
				COPY_PHASE_STRIP = NO;
				DEBUG_INFORMATION_FORMAT = "dwarf-with-dsym";
				ENABLE_NS_ASSERTIONS = NO;
				ENABLE_STRICT_OBJC_MSGSEND = YES;
				GCC_C_LANGUAGE_STANDARD = gnu99;
				GCC_NO_COMMON_BLOCKS = YES;
				GCC_WARN_64_TO_32_BIT_CONVERSION = YES;
				GCC_WARN_ABOUT_RETURN_TYPE = YES_ERROR;
				GCC_WARN_UNDECLARED_SELECTOR = YES;
				GCC_WARN_UNINITIALIZED_AUTOS = YES_AGGRESSIVE;
				GCC_WARN_UNUSED_FUNCTION = YES;
				GCC_WARN_UNUSED_VARIABLE = YES;
				IPHONEOS_DEPLOYMENT_TARGET = 10.0;
				MTL_ENABLE_DEBUG_INFO = NO;
				SDKROOT = iphoneos;
				SWIFT_OPTIMIZATION_LEVEL = "-Owholemodule";
				VALIDATE_PRODUCT = YES;
			};
			name = Release;
		};
		FEC9F20D1D8A2A110010424E /* Debug */ = {
			isa = XCBuildConfiguration;
			buildSettings = {
				ASSETCATALOG_COMPILER_APPICON_NAME = AppIcon;
				DEVELOPMENT_TEAM = M9ZL7MWCMH;
				INFOPLIST_FILE = TreehouseProjectThree/Info.plist;
				IPHONEOS_DEPLOYMENT_TARGET = 9.3;
				LD_RUNPATH_SEARCH_PATHS = "$(inherited) @executable_path/Frameworks";
				PRODUCT_BUNDLE_IDENTIFIER = com.danilochaves.TreehouseProjectThree;
				PRODUCT_NAME = "$(TARGET_NAME)";
				SWIFT_VERSION = 3.0;
			};
			name = Debug;
		};
		FEC9F20E1D8A2A110010424E /* Release */ = {
			isa = XCBuildConfiguration;
			buildSettings = {
				ASSETCATALOG_COMPILER_APPICON_NAME = AppIcon;
				DEVELOPMENT_TEAM = M9ZL7MWCMH;
				INFOPLIST_FILE = TreehouseProjectThree/Info.plist;
				IPHONEOS_DEPLOYMENT_TARGET = 9.3;
				LD_RUNPATH_SEARCH_PATHS = "$(inherited) @executable_path/Frameworks";
				PRODUCT_BUNDLE_IDENTIFIER = com.danilochaves.TreehouseProjectThree;
				PRODUCT_NAME = "$(TARGET_NAME)";
				SWIFT_VERSION = 3.0;
			};
			name = Release;
		};
/* End XCBuildConfiguration section */

/* Begin XCConfigurationList section */
		FEC9F1F51D8A2A110010424E /* Build configuration list for PBXProject "Bout Time" */ = {
			isa = XCConfigurationList;
			buildConfigurations = (
				FEC9F20A1D8A2A110010424E /* Debug */,
				FEC9F20B1D8A2A110010424E /* Release */,
			);
			defaultConfigurationIsVisible = 0;
			defaultConfigurationName = Release;
		};
		FEC9F20C1D8A2A110010424E /* Build configuration list for PBXNativeTarget "Bout Time" */ = {
			isa = XCConfigurationList;
			buildConfigurations = (
				FEC9F20D1D8A2A110010424E /* Debug */,
				FEC9F20E1D8A2A110010424E /* Release */,
			);
			defaultConfigurationIsVisible = 0;
			defaultConfigurationName = Release;
		};
/* End XCConfigurationList section */
	};
	rootObject = FEC9F1F21D8A2A110010424E /* Project object */;
}
